// !$*UTF8*$!
{
	archiveVersion = 1;
	classes = {
	};
	objectVersion = 56;
	objects = {

/* Begin PBXBuildFile section */
		E3438AD629C7313A004258D2 /* SignInViewModel.swift in Sources */ = {isa = PBXBuildFile; fileRef = E3438AD529C7313A004258D2 /* SignInViewModel.swift */; };
		E3438ADB29C75234004258D2 /* Tabbar.swift in Sources */ = {isa = PBXBuildFile; fileRef = E3438ADA29C75234004258D2 /* Tabbar.swift */; };
		E3DAB14E29C72AA500CC6DB6 /* GrapeBongBongApp.swift in Sources */ = {isa = PBXBuildFile; fileRef = E3DAB14D29C72AA500CC6DB6 /* GrapeBongBongApp.swift */; };
		E3DAB15029C72AA500CC6DB6 /* SignInView.swift in Sources */ = {isa = PBXBuildFile; fileRef = E3DAB14F29C72AA500CC6DB6 /* SignInView.swift */; };
		E3DAB15229C72AA600CC6DB6 /* Assets.xcassets in Resources */ = {isa = PBXBuildFile; fileRef = E3DAB15129C72AA600CC6DB6 /* Assets.xcassets */; };
		E3DAB15529C72AA600CC6DB6 /* Preview Assets.xcassets in Resources */ = {isa = PBXBuildFile; fileRef = E3DAB15429C72AA600CC6DB6 /* Preview Assets.xcassets */; };
		E3DAB15F29C72AA600CC6DB6 /* GrapeBongBongTests.swift in Sources */ = {isa = PBXBuildFile; fileRef = E3DAB15E29C72AA600CC6DB6 /* GrapeBongBongTests.swift */; };
		E3DAB16929C72AA600CC6DB6 /* GrapeBongBongUITests.swift in Sources */ = {isa = PBXBuildFile; fileRef = E3DAB16829C72AA600CC6DB6 /* GrapeBongBongUITests.swift */; };
		E3DAB16B29C72AA600CC6DB6 /* GrapeBongBongUITestsLaunchTests.swift in Sources */ = {isa = PBXBuildFile; fileRef = E3DAB16A29C72AA600CC6DB6 /* GrapeBongBongUITestsLaunchTests.swift */; };
/* End PBXBuildFile section */

/* Begin PBXContainerItemProxy section */
		E3DAB15B29C72AA600CC6DB6 /* PBXContainerItemProxy */ = {
			isa = PBXContainerItemProxy;
			containerPortal = E3DAB14229C72AA500CC6DB6 /* Project object */;
			proxyType = 1;
			remoteGlobalIDString = E3DAB14929C72AA500CC6DB6;
			remoteInfo = GrapeBongBong;
		};
		E3DAB16529C72AA600CC6DB6 /* PBXContainerItemProxy */ = {
			isa = PBXContainerItemProxy;
			containerPortal = E3DAB14229C72AA500CC6DB6 /* Project object */;
			proxyType = 1;
			remoteGlobalIDString = E3DAB14929C72AA500CC6DB6;
			remoteInfo = GrapeBongBong;
		};
/* End PBXContainerItemProxy section */

/* Begin PBXFileReference section */
		E3438AD529C7313A004258D2 /* SignInViewModel.swift */ = {isa = PBXFileReference; lastKnownFileType = sourcecode.swift; path = SignInViewModel.swift; sourceTree = "<group>"; };
		E3438ADA29C75234004258D2 /* Tabbar.swift */ = {isa = PBXFileReference; lastKnownFileType = sourcecode.swift; path = Tabbar.swift; sourceTree = "<group>"; };
		E3DAB14A29C72AA500CC6DB6 /* GrapeBongBong.app */ = {isa = PBXFileReference; explicitFileType = wrapper.application; includeInIndex = 0; path = GrapeBongBong.app; sourceTree = BUILT_PRODUCTS_DIR; };
		E3DAB14D29C72AA500CC6DB6 /* GrapeBongBongApp.swift */ = {isa = PBXFileReference; lastKnownFileType = sourcecode.swift; path = GrapeBongBongApp.swift; sourceTree = "<group>"; };
		E3DAB14F29C72AA500CC6DB6 /* SignInView.swift */ = {isa = PBXFileReference; lastKnownFileType = sourcecode.swift; path = SignInView.swift; sourceTree = "<group>"; };
		E3DAB15129C72AA600CC6DB6 /* Assets.xcassets */ = {isa = PBXFileReference; lastKnownFileType = folder.assetcatalog; path = Assets.xcassets; sourceTree = "<group>"; };
		E3DAB15429C72AA600CC6DB6 /* Preview Assets.xcassets */ = {isa = PBXFileReference; lastKnownFileType = folder.assetcatalog; path = "Preview Assets.xcassets"; sourceTree = "<group>"; };
		E3DAB15A29C72AA600CC6DB6 /* GrapeBongBongTests.xctest */ = {isa = PBXFileReference; explicitFileType = wrapper.cfbundle; includeInIndex = 0; path = GrapeBongBongTests.xctest; sourceTree = BUILT_PRODUCTS_DIR; };
		E3DAB15E29C72AA600CC6DB6 /* GrapeBongBongTests.swift */ = {isa = PBXFileReference; lastKnownFileType = sourcecode.swift; path = GrapeBongBongTests.swift; sourceTree = "<group>"; };
		E3DAB16429C72AA600CC6DB6 /* GrapeBongBongUITests.xctest */ = {isa = PBXFileReference; explicitFileType = wrapper.cfbundle; includeInIndex = 0; path = GrapeBongBongUITests.xctest; sourceTree = BUILT_PRODUCTS_DIR; };
		E3DAB16829C72AA600CC6DB6 /* GrapeBongBongUITests.swift */ = {isa = PBXFileReference; lastKnownFileType = sourcecode.swift; path = GrapeBongBongUITests.swift; sourceTree = "<group>"; };
		E3DAB16A29C72AA600CC6DB6 /* GrapeBongBongUITestsLaunchTests.swift */ = {isa = PBXFileReference; lastKnownFileType = sourcecode.swift; path = GrapeBongBongUITestsLaunchTests.swift; sourceTree = "<group>"; };
/* End PBXFileReference section */

/* Begin PBXFrameworksBuildPhase section */
		E3DAB14729C72AA500CC6DB6 /* Frameworks */ = {
			isa = PBXFrameworksBuildPhase;
			buildActionMask = 2147483647;
			files = (
			);
			runOnlyForDeploymentPostprocessing = 0;
		};
		E3DAB15729C72AA600CC6DB6 /* Frameworks */ = {
			isa = PBXFrameworksBuildPhase;
			buildActionMask = 2147483647;
			files = (
			);
			runOnlyForDeploymentPostprocessing = 0;
		};
		E3DAB16129C72AA600CC6DB6 /* Frameworks */ = {
			isa = PBXFrameworksBuildPhase;
			buildActionMask = 2147483647;
			files = (
			);
			runOnlyForDeploymentPostprocessing = 0;
		};
/* End PBXFrameworksBuildPhase section */

/* Begin PBXGroup section */
		E3438AD429C73079004258D2 /* SignIn */ = {
			isa = PBXGroup;
			children = (
				E3DAB14F29C72AA500CC6DB6 /* SignInView.swift */,
				E3438AD529C7313A004258D2 /* SignInViewModel.swift */,
			);
			path = SignIn;
			sourceTree = "<group>";
		};
		E3DAB14129C72AA500CC6DB6 = {
			isa = PBXGroup;
			children = (
				E3DAB14C29C72AA500CC6DB6 /* GrapeBongBong */,
				E3DAB15D29C72AA600CC6DB6 /* GrapeBongBongTests */,
				E3DAB16729C72AA600CC6DB6 /* GrapeBongBongUITests */,
				E3DAB14B29C72AA500CC6DB6 /* Products */,
			);
			sourceTree = "<group>";
		};
		E3DAB14B29C72AA500CC6DB6 /* Products */ = {
			isa = PBXGroup;
			children = (
				E3DAB14A29C72AA500CC6DB6 /* GrapeBongBong.app */,
				E3DAB15A29C72AA600CC6DB6 /* GrapeBongBongTests.xctest */,
				E3DAB16429C72AA600CC6DB6 /* GrapeBongBongUITests.xctest */,
			);
			name = Products;
			sourceTree = "<group>";
		};
		E3DAB14C29C72AA500CC6DB6 /* GrapeBongBong */ = {
			isa = PBXGroup;
			children = (
				E3438ADA29C75234004258D2 /* Tabbar.swift */,
				E3DAB14D29C72AA500CC6DB6 /* GrapeBongBongApp.swift */,
				E3438AD429C73079004258D2 /* SignIn */,
				E3DAB15129C72AA600CC6DB6 /* Assets.xcassets */,
				E3DAB15329C72AA600CC6DB6 /* Preview Content */,
			);
			path = GrapeBongBong;
			sourceTree = "<group>";
		};
		E3DAB15329C72AA600CC6DB6 /* Preview Content */ = {
			isa = PBXGroup;
			children = (
				E3DAB15429C72AA600CC6DB6 /* Preview Assets.xcassets */,
			);
			path = "Preview Content";
			sourceTree = "<group>";
		};
		E3DAB15D29C72AA600CC6DB6 /* GrapeBongBongTests */ = {
			isa = PBXGroup;
			children = (
				E3DAB15E29C72AA600CC6DB6 /* GrapeBongBongTests.swift */,
			);
			path = GrapeBongBongTests;
			sourceTree = "<group>";
		};
		E3DAB16729C72AA600CC6DB6 /* GrapeBongBongUITests */ = {
			isa = PBXGroup;
			children = (
				E3DAB16829C72AA600CC6DB6 /* GrapeBongBongUITests.swift */,
				E3DAB16A29C72AA600CC6DB6 /* GrapeBongBongUITestsLaunchTests.swift */,
			);
			path = GrapeBongBongUITests;
			sourceTree = "<group>";
		};
/* End PBXGroup section */

/* Begin PBXNativeTarget section */
		E3DAB14929C72AA500CC6DB6 /* GrapeBongBong */ = {
			isa = PBXNativeTarget;
			buildConfigurationList = E3DAB16E29C72AA600CC6DB6 /* Build configuration list for PBXNativeTarget "GrapeBongBong" */;
			buildPhases = (
				E3DAB14629C72AA500CC6DB6 /* Sources */,
				E3DAB14729C72AA500CC6DB6 /* Frameworks */,
				E3DAB14829C72AA500CC6DB6 /* Resources */,
			);
			buildRules = (
			);
			dependencies = (
			);
			name = GrapeBongBong;
			productName = GrapeBongBong;
			productReference = E3DAB14A29C72AA500CC6DB6 /* GrapeBongBong.app */;
			productType = "com.apple.product-type.application";
		};
		E3DAB15929C72AA600CC6DB6 /* GrapeBongBongTests */ = {
			isa = PBXNativeTarget;
			buildConfigurationList = E3DAB17129C72AA600CC6DB6 /* Build configuration list for PBXNativeTarget "GrapeBongBongTests" */;
			buildPhases = (
				E3DAB15629C72AA600CC6DB6 /* Sources */,
				E3DAB15729C72AA600CC6DB6 /* Frameworks */,
				E3DAB15829C72AA600CC6DB6 /* Resources */,
			);
			buildRules = (
			);
			dependencies = (
				E3DAB15C29C72AA600CC6DB6 /* PBXTargetDependency */,
			);
			name = GrapeBongBongTests;
			productName = GrapeBongBongTests;
			productReference = E3DAB15A29C72AA600CC6DB6 /* GrapeBongBongTests.xctest */;
			productType = "com.apple.product-type.bundle.unit-test";
		};
		E3DAB16329C72AA600CC6DB6 /* GrapeBongBongUITests */ = {
			isa = PBXNativeTarget;
			buildConfigurationList = E3DAB17429C72AA600CC6DB6 /* Build configuration list for PBXNativeTarget "GrapeBongBongUITests" */;
			buildPhases = (
				E3DAB16029C72AA600CC6DB6 /* Sources */,
				E3DAB16129C72AA600CC6DB6 /* Frameworks */,
				E3DAB16229C72AA600CC6DB6 /* Resources */,
			);
			buildRules = (
			);
			dependencies = (
				E3DAB16629C72AA600CC6DB6 /* PBXTargetDependency */,
			);
			name = GrapeBongBongUITests;
			productName = GrapeBongBongUITests;
			productReference = E3DAB16429C72AA600CC6DB6 /* GrapeBongBongUITests.xctest */;
			productType = "com.apple.product-type.bundle.ui-testing";
		};
/* End PBXNativeTarget section */

/* Begin PBXProject section */
		E3DAB14229C72AA500CC6DB6 /* Project object */ = {
			isa = PBXProject;
			attributes = {
				BuildIndependentTargetsInParallel = 1;
				LastSwiftUpdateCheck = 1420;
				LastUpgradeCheck = 1420;
				TargetAttributes = {
					E3DAB14929C72AA500CC6DB6 = {
						CreatedOnToolsVersion = 14.2;
					};
					E3DAB15929C72AA600CC6DB6 = {
						CreatedOnToolsVersion = 14.2;
						TestTargetID = E3DAB14929C72AA500CC6DB6;
					};
					E3DAB16329C72AA600CC6DB6 = {
						CreatedOnToolsVersion = 14.2;
						TestTargetID = E3DAB14929C72AA500CC6DB6;
					};
				};
			};
			buildConfigurationList = E3DAB14529C72AA500CC6DB6 /* Build configuration list for PBXProject "GrapeBongBong" */;
			compatibilityVersion = "Xcode 14.0";
			developmentRegion = en;
			hasScannedForEncodings = 0;
			knownRegions = (
				en,
				Base,
			);
			mainGroup = E3DAB14129C72AA500CC6DB6;
			productRefGroup = E3DAB14B29C72AA500CC6DB6 /* Products */;
			projectDirPath = "";
			projectRoot = "";
			targets = (
				E3DAB14929C72AA500CC6DB6 /* GrapeBongBong */,
				E3DAB15929C72AA600CC6DB6 /* GrapeBongBongTests */,
				E3DAB16329C72AA600CC6DB6 /* GrapeBongBongUITests */,
			);
		};
/* End PBXProject section */

/* Begin PBXResourcesBuildPhase section */
		E3DAB14829C72AA500CC6DB6 /* Resources */ = {
			isa = PBXResourcesBuildPhase;
			buildActionMask = 2147483647;
			files = (
				E3DAB15529C72AA600CC6DB6 /* Preview Assets.xcassets in Resources */,
				E3DAB15229C72AA600CC6DB6 /* Assets.xcassets in Resources */,
			);
			runOnlyForDeploymentPostprocessing = 0;
		};
		E3DAB15829C72AA600CC6DB6 /* Resources */ = {
			isa = PBXResourcesBuildPhase;
			buildActionMask = 2147483647;
			files = (
			);
			runOnlyForDeploymentPostprocessing = 0;
		};
		E3DAB16229C72AA600CC6DB6 /* Resources */ = {
			isa = PBXResourcesBuildPhase;
			buildActionMask = 2147483647;
			files = (
			);
			runOnlyForDeploymentPostprocessing = 0;
		};
/* End PBXResourcesBuildPhase section */

/* Begin PBXSourcesBuildPhase section */
		E3DAB14629C72AA500CC6DB6 /* Sources */ = {
			isa = PBXSourcesBuildPhase;
			buildActionMask = 2147483647;
			files = (
				E3DAB15029C72AA500CC6DB6 /* SignInView.swift in Sources */,
				E3438ADB29C75234004258D2 /* Tabbar.swift in Sources */,
				E3DAB14E29C72AA500CC6DB6 /* GrapeBongBongApp.swift in Sources */,
				E3438AD629C7313A004258D2 /* SignInViewModel.swift in Sources */,
			);
			runOnlyForDeploymentPostprocessing = 0;
		};
		E3DAB15629C72AA600CC6DB6 /* Sources */ = {
			isa = PBXSourcesBuildPhase;
			buildActionMask = 2147483647;
			files = (
				E3DAB15F29C72AA600CC6DB6 /* GrapeBongBongTests.swift in Sources */,
			);
			runOnlyForDeploymentPostprocessing = 0;
		};
		E3DAB16029C72AA600CC6DB6 /* Sources */ = {
			isa = PBXSourcesBuildPhase;
			buildActionMask = 2147483647;
			files = (
				E3DAB16B29C72AA600CC6DB6 /* GrapeBongBongUITestsLaunchTests.swift in Sources */,
				E3DAB16929C72AA600CC6DB6 /* GrapeBongBongUITests.swift in Sources */,
			);
			runOnlyForDeploymentPostprocessing = 0;
		};
/* End PBXSourcesBuildPhase section */

/* Begin PBXTargetDependency section */
		E3DAB15C29C72AA600CC6DB6 /* PBXTargetDependency */ = {
			isa = PBXTargetDependency;
			target = E3DAB14929C72AA500CC6DB6 /* GrapeBongBong */;
			targetProxy = E3DAB15B29C72AA600CC6DB6 /* PBXContainerItemProxy */;
		};
		E3DAB16629C72AA600CC6DB6 /* PBXTargetDependency */ = {
			isa = PBXTargetDependency;
			target = E3DAB14929C72AA500CC6DB6 /* GrapeBongBong */;
			targetProxy = E3DAB16529C72AA600CC6DB6 /* PBXContainerItemProxy */;
		};
/* End PBXTargetDependency section */

/* Begin XCBuildConfiguration section */
		E3DAB16C29C72AA600CC6DB6 /* Debug */ = {
			isa = XCBuildConfiguration;
			buildSettings = {
				ALWAYS_SEARCH_USER_PATHS = NO;
				CLANG_ANALYZER_NONNULL = YES;
				CLANG_ANALYZER_NUMBER_OBJECT_CONVERSION = YES_AGGRESSIVE;
				CLANG_CXX_LANGUAGE_STANDARD = "gnu++20";
				CLANG_ENABLE_MODULES = YES;
				CLANG_ENABLE_OBJC_ARC = YES;
				CLANG_ENABLE_OBJC_WEAK = YES;
				CLANG_WARN_BLOCK_CAPTURE_AUTORELEASING = YES;
				CLANG_WARN_BOOL_CONVERSION = YES;
				CLANG_WARN_COMMA = YES;
				CLANG_WARN_CONSTANT_CONVERSION = YES;
				CLANG_WARN_DEPRECATED_OBJC_IMPLEMENTATIONS = YES;
				CLANG_WARN_DIRECT_OBJC_ISA_USAGE = YES_ERROR;
				CLANG_WARN_DOCUMENTATION_COMMENTS = YES;
				CLANG_WARN_EMPTY_BODY = YES;
				CLANG_WARN_ENUM_CONVERSION = YES;
				CLANG_WARN_INFINITE_RECURSION = YES;
				CLANG_WARN_INT_CONVERSION = YES;
				CLANG_WARN_NON_LITERAL_NULL_CONVERSION = YES;
				CLANG_WARN_OBJC_IMPLICIT_RETAIN_SELF = YES;
				CLANG_WARN_OBJC_LITERAL_CONVERSION = YES;
				CLANG_WARN_OBJC_ROOT_CLASS = YES_ERROR;
				CLANG_WARN_QUOTED_INCLUDE_IN_FRAMEWORK_HEADER = YES;
				CLANG_WARN_RANGE_LOOP_ANALYSIS = YES;
				CLANG_WARN_STRICT_PROTOTYPES = YES;
				CLANG_WARN_SUSPICIOUS_MOVE = YES;
				CLANG_WARN_UNGUARDED_AVAILABILITY = YES_AGGRESSIVE;
				CLANG_WARN_UNREACHABLE_CODE = YES;
				CLANG_WARN__DUPLICATE_METHOD_MATCH = YES;
				COPY_PHASE_STRIP = NO;
				DEBUG_INFORMATION_FORMAT = dwarf;
				ENABLE_STRICT_OBJC_MSGSEND = YES;
				ENABLE_TESTABILITY = YES;
				GCC_C_LANGUAGE_STANDARD = gnu11;
				GCC_DYNAMIC_NO_PIC = NO;
				GCC_NO_COMMON_BLOCKS = YES;
				GCC_OPTIMIZATION_LEVEL = 0;
				GCC_PREPROCESSOR_DEFINITIONS = (
					"DEBUG=1",
					"$(inherited)",
				);
				GCC_WARN_64_TO_32_BIT_CONVERSION = YES;
				GCC_WARN_ABOUT_RETURN_TYPE = YES_ERROR;
				GCC_WARN_UNDECLARED_SELECTOR = YES;
				GCC_WARN_UNINITIALIZED_AUTOS = YES_AGGRESSIVE;
				GCC_WARN_UNUSED_FUNCTION = YES;
				GCC_WARN_UNUSED_VARIABLE = YES;
				IPHONEOS_DEPLOYMENT_TARGET = 16.2;
				MTL_ENABLE_DEBUG_INFO = INCLUDE_SOURCE;
				MTL_FAST_MATH = YES;
				ONLY_ACTIVE_ARCH = YES;
				SDKROOT = iphoneos;
				SWIFT_ACTIVE_COMPILATION_CONDITIONS = DEBUG;
				SWIFT_OPTIMIZATION_LEVEL = "-Onone";
			};
			name = Debug;
		};
		E3DAB16D29C72AA600CC6DB6 /* Release */ = {
			isa = XCBuildConfiguration;
			buildSettings = {
				ALWAYS_SEARCH_USER_PATHS = NO;
				CLANG_ANALYZER_NONNULL = YES;
				CLANG_ANALYZER_NUMBER_OBJECT_CONVERSION = YES_AGGRESSIVE;
				CLANG_CXX_LANGUAGE_STANDARD = "gnu++20";
				CLANG_ENABLE_MODULES = YES;
				CLANG_ENABLE_OBJC_ARC = YES;
				CLANG_ENABLE_OBJC_WEAK = YES;
				CLANG_WARN_BLOCK_CAPTURE_AUTORELEASING = YES;
				CLANG_WARN_BOOL_CONVERSION = YES;
				CLANG_WARN_COMMA = YES;
				CLANG_WARN_CONSTANT_CONVERSION = YES;
				CLANG_WARN_DEPRECATED_OBJC_IMPLEMENTATIONS = YES;
				CLANG_WARN_DIRECT_OBJC_ISA_USAGE = YES_ERROR;
				CLANG_WARN_DOCUMENTATION_COMMENTS = YES;
				CLANG_WARN_EMPTY_BODY = YES;
				CLANG_WARN_ENUM_CONVERSION = YES;
				CLANG_WARN_INFINITE_RECURSION = YES;
				CLANG_WARN_INT_CONVERSION = YES;
				CLANG_WARN_NON_LITERAL_NULL_CONVERSION = YES;
				CLANG_WARN_OBJC_IMPLICIT_RETAIN_SELF = YES;
				CLANG_WARN_OBJC_LITERAL_CONVERSION = YES;
				CLANG_WARN_OBJC_ROOT_CLASS = YES_ERROR;
				CLANG_WARN_QUOTED_INCLUDE_IN_FRAMEWORK_HEADER = YES;
				CLANG_WARN_RANGE_LOOP_ANALYSIS = YES;
				CLANG_WARN_STRICT_PROTOTYPES = YES;
				CLANG_WARN_SUSPICIOUS_MOVE = YES;
				CLANG_WARN_UNGUARDED_AVAILABILITY = YES_AGGRESSIVE;
				CLANG_WARN_UNREACHABLE_CODE = YES;
				CLANG_WARN__DUPLICATE_METHOD_MATCH = YES;
				COPY_PHASE_STRIP = NO;
				DEBUG_INFORMATION_FORMAT = "dwarf-with-dsym";
				ENABLE_NS_ASSERTIONS = NO;
				ENABLE_STRICT_OBJC_MSGSEND = YES;
				GCC_C_LANGUAGE_STANDARD = gnu11;
				GCC_NO_COMMON_BLOCKS = YES;
				GCC_WARN_64_TO_32_BIT_CONVERSION = YES;
				GCC_WARN_ABOUT_RETURN_TYPE = YES_ERROR;
				GCC_WARN_UNDECLARED_SELECTOR = YES;
				GCC_WARN_UNINITIALIZED_AUTOS = YES_AGGRESSIVE;
				GCC_WARN_UNUSED_FUNCTION = YES;
				GCC_WARN_UNUSED_VARIABLE = YES;
				IPHONEOS_DEPLOYMENT_TARGET = 16.2;
				MTL_ENABLE_DEBUG_INFO = NO;
				MTL_FAST_MATH = YES;
				SDKROOT = iphoneos;
				SWIFT_COMPILATION_MODE = wholemodule;
				SWIFT_OPTIMIZATION_LEVEL = "-O";
				VALIDATE_PRODUCT = YES;
			};
			name = Release;
		};
		E3DAB16F29C72AA600CC6DB6 /* Debug */ = {
			isa = XCBuildConfiguration;
			buildSettings = {
				ASSETCATALOG_COMPILER_APPICON_NAME = AppIcon;
				ASSETCATALOG_COMPILER_GLOBAL_ACCENT_COLOR_NAME = AccentColor;
				CODE_SIGN_STYLE = Automatic;
				CURRENT_PROJECT_VERSION = 1;
				DEVELOPMENT_ASSET_PATHS = "\"GrapeBongBong/Preview Content\"";
				ENABLE_PREVIEWS = YES;
				GENERATE_INFOPLIST_FILE = YES;
				INFOPLIST_KEY_UIApplicationSceneManifest_Generation = YES;
				INFOPLIST_KEY_UIApplicationSupportsIndirectInputEvents = YES;
				INFOPLIST_KEY_UILaunchScreen_Generation = YES;
				INFOPLIST_KEY_UISupportedInterfaceOrientations_iPad = "UIInterfaceOrientationPortrait UIInterfaceOrientationPortraitUpsideDown UIInterfaceOrientationLandscapeLeft UIInterfaceOrientationLandscapeRight";
				INFOPLIST_KEY_UISupportedInterfaceOrientations_iPhone = "UIInterfaceOrientationPortrait UIInterfaceOrientationLandscapeLeft UIInterfaceOrientationLandscapeRight";
				LD_RUNPATH_SEARCH_PATHS = (
					"$(inherited)",
					"@executable_path/Frameworks",
				);
				MARKETING_VERSION = 1.0;
				PRODUCT_BUNDLE_IDENTIFIER = hansung.capstone.GrapeBongBong;
				PRODUCT_NAME = "$(TARGET_NAME)";
				SWIFT_EMIT_LOC_STRINGS = YES;
				SWIFT_VERSION = 5.0;
				TARGETED_DEVICE_FAMILY = "1,2";
			};
			name = Debug;
		};
		E3DAB17029C72AA600CC6DB6 /* Release */ = {
			isa = XCBuildConfiguration;
			buildSettings = {
				ASSETCATALOG_COMPILER_APPICON_NAME = AppIcon;
				ASSETCATALOG_COMPILER_GLOBAL_ACCENT_COLOR_NAME = AccentColor;
				CODE_SIGN_STYLE = Automatic;
				CURRENT_PROJECT_VERSION = 1;
				DEVELOPMENT_ASSET_PATHS = "\"GrapeBongBong/Preview Content\"";
				ENABLE_PREVIEWS = YES;
				GENERATE_INFOPLIST_FILE = YES;
				INFOPLIST_KEY_UIApplicationSceneManifest_Generation = YES;
				INFOPLIST_KEY_UIApplicationSupportsIndirectInputEvents = YES;
				INFOPLIST_KEY_UILaunchScreen_Generation = YES;
				INFOPLIST_KEY_UISupportedInterfaceOrientations_iPad = "UIInterfaceOrientationPortrait UIInterfaceOrientationPortraitUpsideDown UIInterfaceOrientationLandscapeLeft UIInterfaceOrientationLandscapeRight";
				INFOPLIST_KEY_UISupportedInterfaceOrientations_iPhone = "UIInterfaceOrientationPortrait UIInterfaceOrientationLandscapeLeft UIInterfaceOrientationLandscapeRight";
				LD_RUNPATH_SEARCH_PATHS = (
					"$(inherited)",
					"@executable_path/Frameworks",
				);
				MARKETING_VERSION = 1.0;
				PRODUCT_BUNDLE_IDENTIFIER = hansung.capstone.GrapeBongBong;
				PRODUCT_NAME = "$(TARGET_NAME)";
				SWIFT_EMIT_LOC_STRINGS = YES;
				SWIFT_VERSION = 5.0;
				TARGETED_DEVICE_FAMILY = "1,2";
			};
			name = Release;
		};
		E3DAB17229C72AA600CC6DB6 /* Debug */ = {
			isa = XCBuildConfiguration;
			buildSettings = {
				ALWAYS_EMBED_SWIFT_STANDARD_LIBRARIES = YES;
				BUNDLE_LOADER = "$(TEST_HOST)";
				CODE_SIGN_STYLE = Automatic;
				CURRENT_PROJECT_VERSION = 1;
				GENERATE_INFOPLIST_FILE = YES;
				IPHONEOS_DEPLOYMENT_TARGET = 16.2;
				MARKETING_VERSION = 1.0;
				PRODUCT_BUNDLE_IDENTIFIER = hansung.capstone.GrapeBongBongTests;
				PRODUCT_NAME = "$(TARGET_NAME)";
				SWIFT_EMIT_LOC_STRINGS = NO;
				SWIFT_VERSION = 5.0;
				TARGETED_DEVICE_FAMILY = "1,2";
				TEST_HOST = "$(BUILT_PRODUCTS_DIR)/GrapeBongBong.app/$(BUNDLE_EXECUTABLE_FOLDER_PATH)/GrapeBongBong";
			};
			name = Debug;
		};
		E3DAB17329C72AA600CC6DB6 /* Release */ = {
			isa = XCBuildConfiguration;
			buildSettings = {
				ALWAYS_EMBED_SWIFT_STANDARD_LIBRARIES = YES;
				BUNDLE_LOADER = "$(TEST_HOST)";
				CODE_SIGN_STYLE = Automatic;
				CURRENT_PROJECT_VERSION = 1;
				GENERATE_INFOPLIST_FILE = YES;
				IPHONEOS_DEPLOYMENT_TARGET = 16.2;
				MARKETING_VERSION = 1.0;
				PRODUCT_BUNDLE_IDENTIFIER = hansung.capstone.GrapeBongBongTests;
				PRODUCT_NAME = "$(TARGET_NAME)";
				SWIFT_EMIT_LOC_STRINGS = NO;
				SWIFT_VERSION = 5.0;
				TARGETED_DEVICE_FAMILY = "1,2";
				TEST_HOST = "$(BUILT_PRODUCTS_DIR)/GrapeBongBong.app/$(BUNDLE_EXECUTABLE_FOLDER_PATH)/GrapeBongBong";
			};
			name = Release;
		};
		E3DAB17529C72AA600CC6DB6 /* Debug */ = {
			isa = XCBuildConfiguration;
			buildSettings = {
				ALWAYS_EMBED_SWIFT_STANDARD_LIBRARIES = YES;
				CODE_SIGN_STYLE = Automatic;
				CURRENT_PROJECT_VERSION = 1;
				GENERATE_INFOPLIST_FILE = YES;
				MARKETING_VERSION = 1.0;
				PRODUCT_BUNDLE_IDENTIFIER = hansung.capstone.GrapeBongBongUITests;
				PRODUCT_NAME = "$(TARGET_NAME)";
				SWIFT_EMIT_LOC_STRINGS = NO;
				SWIFT_VERSION = 5.0;
				TARGETED_DEVICE_FAMILY = "1,2";
				TEST_TARGET_NAME = GrapeBongBong;
			};
			name = Debug;
		};
		E3DAB17629C72AA600CC6DB6 /* Release */ = {
			isa = XCBuildConfiguration;
			buildSettings = {
				ALWAYS_EMBED_SWIFT_STANDARD_LIBRARIES = YES;
				CODE_SIGN_STYLE = Automatic;
				CURRENT_PROJECT_VERSION = 1;
				GENERATE_INFOPLIST_FILE = YES;
				MARKETING_VERSION = 1.0;
				PRODUCT_BUNDLE_IDENTIFIER = hansung.capstone.GrapeBongBongUITests;
				PRODUCT_NAME = "$(TARGET_NAME)";
				SWIFT_EMIT_LOC_STRINGS = NO;
				SWIFT_VERSION = 5.0;
				TARGETED_DEVICE_FAMILY = "1,2";
				TEST_TARGET_NAME = GrapeBongBong;
			};
			name = Release;
		};
/* End XCBuildConfiguration section */

/* Begin XCConfigurationList section */
		E3DAB14529C72AA500CC6DB6 /* Build configuration list for PBXProject "GrapeBongBong" */ = {
			isa = XCConfigurationList;
			buildConfigurations = (
				E3DAB16C29C72AA600CC6DB6 /* Debug */,
				E3DAB16D29C72AA600CC6DB6 /* Release */,
			);
			defaultConfigurationIsVisible = 0;
			defaultConfigurationName = Release;
		};
		E3DAB16E29C72AA600CC6DB6 /* Build configuration list for PBXNativeTarget "GrapeBongBong" */ = {
			isa = XCConfigurationList;
			buildConfigurations = (
				E3DAB16F29C72AA600CC6DB6 /* Debug */,
				E3DAB17029C72AA600CC6DB6 /* Release */,
			);
			defaultConfigurationIsVisible = 0;
			defaultConfigurationName = Release;
		};
		E3DAB17129C72AA600CC6DB6 /* Build configuration list for PBXNativeTarget "GrapeBongBongTests" */ = {
			isa = XCConfigurationList;
			buildConfigurations = (
				E3DAB17229C72AA600CC6DB6 /* Debug */,
				E3DAB17329C72AA600CC6DB6 /* Release */,
			);
			defaultConfigurationIsVisible = 0;
			defaultConfigurationName = Release;
		};
		E3DAB17429C72AA600CC6DB6 /* Build configuration list for PBXNativeTarget "GrapeBongBongUITests" */ = {
			isa = XCConfigurationList;
			buildConfigurations = (
				E3DAB17529C72AA600CC6DB6 /* Debug */,
				E3DAB17629C72AA600CC6DB6 /* Release */,
			);
			defaultConfigurationIsVisible = 0;
			defaultConfigurationName = Release;
		};
/* End XCConfigurationList section */
	};
	rootObject = E3DAB14229C72AA500CC6DB6 /* Project object */;
}
